<?xml version="1.0" encoding="utf-8"?>
<Project ToolsVersion="4.0" xmlns="http://schemas.microsoft.com/developer/msbuild/2003">
  <ItemGroup>
    <ClCompile Include="..\source\app.cpp" />
    <ClCompile Include="..\source\encoder.cpp" />
    <ClCompile Include="..\source\grabber.cpp" />
    <ClCompile Include="..\source\server.cpp" />
    <ClCompile Include="..\source\timer.cpp" />
    <ClCompile Include="..\source\utilities.cpp" />
    <ClCompile Include="..\source\main.cpp" />
    <ClCompile Include="..\source\global.cpp" />
  </ItemGroup>
  <ItemGroup>
    <ClInclude Include="..\source\app.hpp" />
    <ClInclude Include="..\source\encoder.hpp" />
    <ClInclude Include="..\source\grabber.hpp" />
    <ClInclude Include="..\source\server.hpp" />
    <ClInclude Include="..\source\timer.hpp" />
    <ClInclude Include="..\source\utilities.hpp" />
    <ClInclude Include="..\source\config.hpp" />
    <ClInclude Include="..\source\server_debug.hpp" />
    <ClInclude Include="..\source\args.hpp" />
    <ClInclude Include="..\source\global.hpp" />
  </ItemGroup>
</Project>